
Microsoft Visual Studio Solution File, Format Version 12.00
# Visual Studio Version 16
VisualStudioVersion = 16.0.31410.357
MinimumVisualStudioVersion = 10.0.40219.1
Project("{9A19103F-16F7-4668-BE54-9A1E7A4F7556}") = "DevOpsTargets", "DevOpsTargets\DevOpsTargets.csproj", "{FF418FF3-9CF4-4F9A-966F-0D0096870D7A}"
EndProject
Project("{FAE04EC0-301F-11D3-BF4B-00C04F79EFBC}") = "DevOpsTargets.Tests", "DevOpsTargets.Tests\DevOpsTargets.Tests.csproj", "{D608BCCD-2610-4E87-9BA4-D455BBE284C6}"
EndProject
Global
	GlobalSection(SolutionConfigurationPlatforms) = preSolution
		Debug|Any CPU = Debug|Any CPU
		Release|Any CPU = Release|Any CPU
	EndGlobalSection
	GlobalSection(ProjectConfigurationPlatforms) = postSolution
		{FF418FF3-9CF4-4F9A-966F-0D0096870D7A}.Debug|Any CPU.ActiveCfg = Debug|Any CPU
		{FF418FF3-9CF4-4F9A-966F-0D0096870D7A}.Debug|Any CPU.Build.0 = Debug|Any CPU
		{FF418FF3-9CF4-4F9A-966F-0D0096870D7A}.Release|Any CPU.ActiveCfg = Release|Any CPU
		{FF418FF3-9CF4-4F9A-966F-0D0096870D7A}.Release|Any CPU.Build.0 = Release|Any CPU
		{D608BCCD-2610-4E87-9BA4-D455BBE284C6}.Debug|Any CPU.ActiveCfg = Debug|Any CPU
		{D608BCCD-2610-4E87-9BA4-D455BBE284C6}.Debug|Any CPU.Build.0 = Debug|Any CPU
		{D608BCCD-2610-4E87-9BA4-D455BBE284C6}.Release|Any CPU.ActiveCfg = Release|Any CPU
		{D608BCCD-2610-4E87-9BA4-D455BBE284C6}.Release|Any CPU.Build.0 = Release|Any CPU
	EndGlobalSection
	GlobalSection(SolutionProperties) = preSolution
		HideSolutionNode = FALSE
	EndGlobalSection
	GlobalSection(ExtensibilityGlobals) = postSolution
		SolutionGuid = {9A960CE7-6333-4330-A7B9-5097A37DF114}
	EndGlobalSection
EndGlobal
